Microsoft Visual Studio Solution File, Format Version 12.00
# Visual Studio Version 16
VisualStudioVersion = 16.0.30225.117
MinimumVisualStudioVersion = 15.0.26124.0
Project("{6EC3EE1D-3C4E-46DD-8F32-0CC8E7565705}") = "Tweek.JPad", "Tweek.JPad\Tweek.JPad.fsproj", "{4F009839-E009-4CFA-9141-16E8110D298D}"
EndProject
Project("{9A19103F-16F7-4668-BE54-9A1E7A4F7556}") = "Tweek.JPad.Cli", "Tweek.JPad.Cli\Tweek.JPad.Cli.csproj", "{2D917F50-1139-4055-BD41-422224485B29}"
EndProject
Project("{6EC3EE1D-3C4E-46DD-8F32-0CC8E7565705}") = "Tweek.JPad.Tests", "Tweek.JPad.Tests\Tweek.JPad.Tests.fsproj", "{7DACB6B3-325F-4222-BCBC-FAC44793583E}"
EndProject
Project("{F2A71F9B-5D33-465A-A702-920D77279786}") = "Tweek.JPad.AssemblyGenerator", "Tweek.JPad.AssemblyGenerator\Tweek.JPad.AssemblyGenerator.fsproj", "{E4FA6A2D-7E58-4A8C-8351-2B47A6D76AFF}"
EndProject
Global
	GlobalSection(SolutionConfigurationPlatforms) = preSolution
		Debug|Any CPU = Debug|Any CPU
		Debug|x64 = Debug|x64
		Debug|x86 = Debug|x86
		Release|Any CPU = Release|Any CPU
		Release|x64 = Release|x64
		Release|x86 = Release|x86
	EndGlobalSection
	GlobalSection(ProjectConfigurationPlatforms) = postSolution
		{4F009839-E009-4CFA-9141-16E8110D298D}.Debug|Any CPU.ActiveCfg = Debug|Any CPU
		{4F009839-E009-4CFA-9141-16E8110D298D}.Debug|Any CPU.Build.0 = Debug|Any CPU
		{4F009839-E009-4CFA-9141-16E8110D298D}.Debug|x64.ActiveCfg = Debug|Any CPU
		{4F009839-E009-4CFA-9141-16E8110D298D}.Debug|x64.Build.0 = Debug|Any CPU
		{4F009839-E009-4CFA-9141-16E8110D298D}.Debug|x86.ActiveCfg = Debug|Any CPU
		{4F009839-E009-4CFA-9141-16E8110D298D}.Debug|x86.Build.0 = Debug|Any CPU
		{4F009839-E009-4CFA-9141-16E8110D298D}.Release|Any CPU.ActiveCfg = Release|Any CPU
		{4F009839-E009-4CFA-9141-16E8110D298D}.Release|Any CPU.Build.0 = Release|Any CPU
		{4F009839-E009-4CFA-9141-16E8110D298D}.Release|x64.ActiveCfg = Release|Any CPU
		{4F009839-E009-4CFA-9141-16E8110D298D}.Release|x64.Build.0 = Release|Any CPU
		{4F009839-E009-4CFA-9141-16E8110D298D}.Release|x86.ActiveCfg = Release|Any CPU
		{4F009839-E009-4CFA-9141-16E8110D298D}.Release|x86.Build.0 = Release|Any CPU
		{2D917F50-1139-4055-BD41-422224485B29}.Debug|Any CPU.ActiveCfg = Debug|Any CPU
		{2D917F50-1139-4055-BD41-422224485B29}.Debug|Any CPU.Build.0 = Debug|Any CPU
		{2D917F50-1139-4055-BD41-422224485B29}.Debug|x64.ActiveCfg = Debug|Any CPU
		{2D917F50-1139-4055-BD41-422224485B29}.Debug|x64.Build.0 = Debug|Any CPU
		{2D917F50-1139-4055-BD41-422224485B29}.Debug|x86.ActiveCfg = Debug|Any CPU
		{2D917F50-1139-4055-BD41-422224485B29}.Debug|x86.Build.0 = Debug|Any CPU
		{2D917F50-1139-4055-BD41-422224485B29}.Release|Any CPU.ActiveCfg = Release|Any CPU
		{2D917F50-1139-4055-BD41-422224485B29}.Release|Any CPU.Build.0 = Release|Any CPU
		{2D917F50-1139-4055-BD41-422224485B29}.Release|x64.ActiveCfg = Release|Any CPU
		{2D917F50-1139-4055-BD41-422224485B29}.Release|x64.Build.0 = Release|Any CPU
		{2D917F50-1139-4055-BD41-422224485B29}.Release|x86.ActiveCfg = Release|Any CPU
		{2D917F50-1139-4055-BD41-422224485B29}.Release|x86.Build.0 = Release|Any CPU
		{7DACB6B3-325F-4222-BCBC-FAC44793583E}.Debug|Any CPU.ActiveCfg = Debug|Any CPU
		{7DACB6B3-325F-4222-BCBC-FAC44793583E}.Debug|Any CPU.Build.0 = Debug|Any CPU
		{7DACB6B3-325F-4222-BCBC-FAC44793583E}.Debug|x64.ActiveCfg = Debug|Any CPU
		{7DACB6B3-325F-4222-BCBC-FAC44793583E}.Debug|x64.Build.0 = Debug|Any CPU
		{7DACB6B3-325F-4222-BCBC-FAC44793583E}.Debug|x86.ActiveCfg = Debug|Any CPU
		{7DACB6B3-325F-4222-BCBC-FAC44793583E}.Debug|x86.Build.0 = Debug|Any CPU
		{7DACB6B3-325F-4222-BCBC-FAC44793583E}.Release|Any CPU.ActiveCfg = Release|Any CPU
		{7DACB6B3-325F-4222-BCBC-FAC44793583E}.Release|Any CPU.Build.0 = Release|Any CPU
		{7DACB6B3-325F-4222-BCBC-FAC44793583E}.Release|x64.ActiveCfg = Release|Any CPU
		{7DACB6B3-325F-4222-BCBC-FAC44793583E}.Release|x64.Build.0 = Release|Any CPU
		{7DACB6B3-325F-4222-BCBC-FAC44793583E}.Release|x86.ActiveCfg = Release|Any CPU
		{7DACB6B3-325F-4222-BCBC-FAC44793583E}.Release|x86.Build.0 = Release|Any CPU
		{E4FA6A2D-7E58-4A8C-8351-2B47A6D76AFF}.Debug|Any CPU.ActiveCfg = Debug|Any CPU
		{E4FA6A2D-7E58-4A8C-8351-2B47A6D76AFF}.Debug|Any CPU.Build.0 = Debug|Any CPU
		{E4FA6A2D-7E58-4A8C-8351-2B47A6D76AFF}.Debug|x64.ActiveCfg = Debug|Any CPU
		{E4FA6A2D-7E58-4A8C-8351-2B47A6D76AFF}.Debug|x64.Build.0 = Debug|Any CPU
		{E4FA6A2D-7E58-4A8C-8351-2B47A6D76AFF}.Debug|x86.ActiveCfg = Debug|Any CPU
		{E4FA6A2D-7E58-4A8C-8351-2B47A6D76AFF}.Debug|x86.Build.0 = Debug|Any CPU
		{E4FA6A2D-7E58-4A8C-8351-2B47A6D76AFF}.Release|Any CPU.ActiveCfg = Release|Any CPU
		{E4FA6A2D-7E58-4A8C-8351-2B47A6D76AFF}.Release|Any CPU.Build.0 = Release|Any CPU
		{E4FA6A2D-7E58-4A8C-8351-2B47A6D76AFF}.Release|x64.ActiveCfg = Release|Any CPU
		{E4FA6A2D-7E58-4A8C-8351-2B47A6D76AFF}.Release|x64.Build.0 = Release|Any CPU
		{E4FA6A2D-7E58-4A8C-8351-2B47A6D76AFF}.Release|x86.ActiveCfg = Release|Any CPU
		{E4FA6A2D-7E58-4A8C-8351-2B47A6D76AFF}.Release|x86.Build.0 = Release|Any CPU
	EndGlobalSection
	GlobalSection(SolutionProperties) = preSolution
		HideSolutionNode = FALSE
	EndGlobalSection
	GlobalSection(ExtensibilityGlobals) = postSolution
		SolutionGuid = {20777808-9882-4B0A-BD3E-27CF8D62DFD8}
	EndGlobalSection
EndGlobal
